{
  "id": "v_particle_systems",
  "name": "Particle Systems",
  "version": "1.0.0",
  "beta": false,
  "description": "Add pre-built Particle Systems examples",
  "longDescription": "Add pre-built Particle Systems examples to the world",
  "configuration": "Use Insert -> Objects to add a pre-built Particle System",
  "category": "Art",
  "businessId": "ym3t3mPi0g",
  "price": 0,
  "releaseNotes": "First release",
  "entrypoint": "https://plugins.vatom.com/ym3t3mPi0g/8f3a65eb135a6f3b810d5767b3977fd7/plugin.js"
}